
Microsoft Visual Studio Solution File, Format Version 12.00
# Visual Studio Version 17
VisualStudioVersion = 17.13.35919.96 d17.13
MinimumVisualStudioVersion = 10.0.40219.1
Project("{FAE04EC0-301F-11D3-BF4B-00C04F79EFBC}") = "FirstProgram", "FirstProgram.csproj", "{881EFCD0-3FCB-4CBA-851F-A9044287DB63}"
EndProject
Global
	GlobalSection(SolutionConfigurationPlatforms) = preSolution
		Debug|Any CPU = Debug|Any CPU
		Release|Any CPU = Release|Any CPU
	EndGlobalSection
	GlobalSection(ProjectConfigurationPlatforms) = postSolution
		{881EFCD0-3FCB-4CBA-851F-A9044287DB63}.Debug|Any CPU.ActiveCfg = Debug|Any CPU
		{881EFCD0-3FCB-4CBA-851F-A9044287DB63}.Debug|Any CPU.Build.0 = Debug|Any CPU
		{881EFCD0-3FCB-4CBA-851F-A9044287DB63}.Release|Any CPU.ActiveCfg = Release|Any CPU
		{881EFCD0-3FCB-4CBA-851F-A9044287DB63}.Release|Any CPU.Build.0 = Release|Any CPU
	EndGlobalSection
	GlobalSection(SolutionProperties) = preSolution
		HideSolutionNode = FALSE
	EndGlobalSection
	GlobalSection(ExtensibilityGlobals) = postSolution
		SolutionGuid = {3ED684B5-3512-4147-B03C-AC94ED28E353}
	EndGlobalSection
EndGlobal
