
Microsoft Visual Studio Solution File, Format Version 12.00
# Visual Studio Version 17
VisualStudioVersion = 17.13.35931.197 d17.13
MinimumVisualStudioVersion = 10.0.40219.1
Project("{FAE04EC0-301F-11D3-BF4B-00C04F79EFBC}") = "SampleOOPApplication", "SampleOOPApplication.csproj", "{87AE5D31-8A2E-41A2-9689-C7689CE6F9AA}"
EndProject
Global
	GlobalSection(SolutionConfigurationPlatforms) = preSolution
		Debug|Any CPU = Debug|Any CPU
		Release|Any CPU = Release|Any CPU
	EndGlobalSection
	GlobalSection(ProjectConfigurationPlatforms) = postSolution
		{87AE5D31-8A2E-41A2-9689-C7689CE6F9AA}.Debug|Any CPU.ActiveCfg = Debug|Any CPU
		{87AE5D31-8A2E-41A2-9689-C7689CE6F9AA}.Debug|Any CPU.Build.0 = Debug|Any CPU
		{87AE5D31-8A2E-41A2-9689-C7689CE6F9AA}.Release|Any CPU.ActiveCfg = Release|Any CPU
		{87AE5D31-8A2E-41A2-9689-C7689CE6F9AA}.Release|Any CPU.Build.0 = Release|Any CPU
	EndGlobalSection
	GlobalSection(SolutionProperties) = preSolution
		HideSolutionNode = FALSE
	EndGlobalSection
	GlobalSection(ExtensibilityGlobals) = postSolution
		SolutionGuid = {B99026AB-79B7-4E24-9ED6-5F3D672BF9F6}
	EndGlobalSection
EndGlobal
