
Microsoft Visual Studio Solution File, Format Version 12.00
# Visual Studio Version 17
VisualStudioVersion = 17.13.35931.197 d17.13
MinimumVisualStudioVersion = 10.0.40219.1
Project("{FAE04EC0-301F-11D3-BF4B-00C04F79EFBC}") = "PlayingCardProject", "PlayingCardProject.csproj", "{57260691-38BE-4059-A842-9A701E37A222}"
EndProject
Global
	GlobalSection(SolutionConfigurationPlatforms) = preSolution
		Debug|Any CPU = Debug|Any CPU
		Release|Any CPU = Release|Any CPU
	EndGlobalSection
	GlobalSection(ProjectConfigurationPlatforms) = postSolution
		{57260691-38BE-4059-A842-9A701E37A222}.Debug|Any CPU.ActiveCfg = Debug|Any CPU
		{57260691-38BE-4059-A842-9A701E37A222}.Debug|Any CPU.Build.0 = Debug|Any CPU
		{57260691-38BE-4059-A842-9A701E37A222}.Release|Any CPU.ActiveCfg = Release|Any CPU
		{57260691-38BE-4059-A842-9A701E37A222}.Release|Any CPU.Build.0 = Release|Any CPU
	EndGlobalSection
	GlobalSection(SolutionProperties) = preSolution
		HideSolutionNode = FALSE
	EndGlobalSection
	GlobalSection(ExtensibilityGlobals) = postSolution
		SolutionGuid = {B4C89CA9-435C-4454-BCCB-8F415E71B550}
	EndGlobalSection
EndGlobal
