
Microsoft Visual Studio Solution File, Format Version 12.00
# Visual Studio Version 17
VisualStudioVersion = 17.13.35919.96 d17.13
MinimumVisualStudioVersion = 10.0.40219.1
Project("{FAE04EC0-301F-11D3-BF4B-00C04F79EFBC}") = "AddNumbers", "AddNumbers.csproj", "{EDFA8178-D6B1-447F-B8CE-98CF91FDAE09}"
EndProject
Global
	GlobalSection(SolutionConfigurationPlatforms) = preSolution
		Debug|Any CPU = Debug|Any CPU
		Release|Any CPU = Release|Any CPU
	EndGlobalSection
	GlobalSection(ProjectConfigurationPlatforms) = postSolution
		{EDFA8178-D6B1-447F-B8CE-98CF91FDAE09}.Debug|Any CPU.ActiveCfg = Debug|Any CPU
		{EDFA8178-D6B1-447F-B8CE-98CF91FDAE09}.Debug|Any CPU.Build.0 = Debug|Any CPU
		{EDFA8178-D6B1-447F-B8CE-98CF91FDAE09}.Release|Any CPU.ActiveCfg = Release|Any CPU
		{EDFA8178-D6B1-447F-B8CE-98CF91FDAE09}.Release|Any CPU.Build.0 = Release|Any CPU
	EndGlobalSection
	GlobalSection(SolutionProperties) = preSolution
		HideSolutionNode = FALSE
	EndGlobalSection
	GlobalSection(ExtensibilityGlobals) = postSolution
		SolutionGuid = {CB3EEBA7-9094-4272-B6B6-4910125081BE}
	EndGlobalSection
EndGlobal
